
Microsoft Visual Studio Solution File, Format Version 12.00
Project("{FAE04EC0-301F-11D3-BF4B-00C04F79EFBC}") = "SSLibrary.API", "SSLibrary.API\SSLibrary.API.csproj", "{F59025C9-2CD4-4601-B61C-6A2759A29B0E}"
EndProject
Global
	GlobalSection(SolutionConfigurationPlatforms) = preSolution
		Debug|Any CPU = Debug|Any CPU
		Release|Any CPU = Release|Any CPU
	EndGlobalSection
	GlobalSection(ProjectConfigurationPlatforms) = postSolution
		{F59025C9-2CD4-4601-B61C-6A2759A29B0E}.Debug|Any CPU.ActiveCfg = Debug|Any CPU
		{F59025C9-2CD4-4601-B61C-6A2759A29B0E}.Debug|Any CPU.Build.0 = Debug|Any CPU
		{F59025C9-2CD4-4601-B61C-6A2759A29B0E}.Release|Any CPU.ActiveCfg = Release|Any CPU
		{F59025C9-2CD4-4601-B61C-6A2759A29B0E}.Release|Any CPU.Build.0 = Release|Any CPU
	EndGlobalSection
EndGlobal
